{
  "originHash" : "15aee100cda4cbd9c572ba3c5fc730af77ae1de3fab8fac17e17a327814f8409",
  "pins" : [
    {
      "identity" : "swift-syntax",
      "kind" : "remoteSourceControl",
      "location" : "https://github.com/apple/swift-syntax.git",
      "state" : {
        "branch" : "main",
        "revision" : "9f149ab68b8191efd1bc66de0e2dfc23a29ab47e"
      }
    }
  ],
  "version" : 3
}
